
Microsoft Visual Studio Solution File, Format Version 12.00
# Visual Studio Version 17
VisualStudioVersion = 17.5.002.0
MinimumVisualStudioVersion = 10.0.40219.1
Project("{9A19103F-16F7-4668-BE54-9A1E7A4F7556}") = "DesafioPOO", "DesafioPOO.csproj", "{DA648A4C-7662-4F9F-ACD7-C877AC137AE5}"
EndProject
Global
	GlobalSection(SolutionConfigurationPlatforms) = preSolution
		Debug|Any CPU = Debug|Any CPU
		Release|Any CPU = Release|Any CPU
	EndGlobalSection
	GlobalSection(ProjectConfigurationPlatforms) = postSolution
		{DA648A4C-7662-4F9F-ACD7-C877AC137AE5}.Debug|Any CPU.ActiveCfg = Debug|Any CPU
		{DA648A4C-7662-4F9F-ACD7-C877AC137AE5}.Debug|Any CPU.Build.0 = Debug|Any CPU
		{DA648A4C-7662-4F9F-ACD7-C877AC137AE5}.Release|Any CPU.ActiveCfg = Release|Any CPU
		{DA648A4C-7662-4F9F-ACD7-C877AC137AE5}.Release|Any CPU.Build.0 = Release|Any CPU
	EndGlobalSection
	GlobalSection(SolutionProperties) = preSolution
		HideSolutionNode = FALSE
	EndGlobalSection
	GlobalSection(ExtensibilityGlobals) = postSolution
		SolutionGuid = {65DAEE16-8A6C-4D7B-8430-EF170F8DEAC9}
	EndGlobalSection
EndGlobal
